// !$*UTF8*$!
{
	archiveVersion = 1;
	classes = {
	};
	objectVersion = 50;
	objects = {

/* Begin PBXBuildFile section */
		D11BE29522E1637600811540 /* main.cpp in Sources */ = {isa = PBXBuildFile; fileRef = D11BE29422E1637600811540 /* main.cpp */; };
		D125B28722C1521B0074EEF3 /* main.cpp in Sources */ = {isa = PBXBuildFile; fileRef = D125B28622C1521B0074EEF3 /* main.cpp */; };
		D125B29422C152460074EEF3 /* main.cpp in Sources */ = {isa = PBXBuildFile; fileRef = D125B29322C152460074EEF3 /* main.cpp */; };
		D13970EF22C31959004D7F79 /* hw0-noarray.c in Sources */ = {isa = PBXBuildFile; fileRef = D13970EB22C30AEE004D7F79 /* hw0-noarray.c */; };
		D160701122CD11D100C74AD7 /* main.cpp in Sources */ = {isa = PBXBuildFile; fileRef = D160701022CD11D100C74AD7 /* main.cpp */; };
		D181B4F322C1B8F700049A40 /* main.cpp in Sources */ = {isa = PBXBuildFile; fileRef = D181B4F222C1B8F700049A40 /* main.cpp */; };
		D1A6692A22D79E7700170565 /* cards.cpp in Sources */ = {isa = PBXBuildFile; fileRef = D1A6692822D79E7700170565 /* cards.cpp */; };
		D1A6693222D7DD2800170565 /* hotdog.cpp in Sources */ = {isa = PBXBuildFile; fileRef = D1A6693022D7DD2800170565 /* hotdog.cpp */; };
		D1A6693A22D7FF0200170565 /* main.cpp in Sources */ = {isa = PBXBuildFile; fileRef = D1A6693922D7FF0200170565 /* main.cpp */; };
		D1A6694022D7FF9B00170565 /* mastermind.cpp in Sources */ = {isa = PBXBuildFile; fileRef = D1A6693E22D7FF9B00170565 /* mastermind.cpp */; };
		D1AD8E9E22FA943C00BA4CAC /* main.cpp in Sources */ = {isa = PBXBuildFile; fileRef = D1AD8E9D22FA943C00BA4CAC /* main.cpp */; };
		D1AF796222CC3C4100CCF9B3 /* main.cpp in Sources */ = {isa = PBXBuildFile; fileRef = D1AF796122CC3C4100CCF9B3 /* main.cpp */; };
		D1B82A7322D3A079003668FF /* main.cpp in Sources */ = {isa = PBXBuildFile; fileRef = D1B82A7222D3A079003668FF /* main.cpp */; };
		D1B82A7822D3A46C003668FF /* palindrome.cpp in Sources */ = {isa = PBXBuildFile; fileRef = D1B82A7722D3A46C003668FF /* palindrome.cpp */; };
		D1BFF98122DD0837003046D4 /* main.cpp in Sources */ = {isa = PBXBuildFile; fileRef = D1BFF98022DD0837003046D4 /* main.cpp */; };
/* End PBXBuildFile section */

/* Begin PBXCopyFilesBuildPhase section */
		D11BE29022E1637600811540 /* CopyFiles */ = {
			isa = PBXCopyFilesBuildPhase;
			buildActionMask = 2147483647;
			dstPath = /usr/share/man/man1/;
			dstSubfolderSpec = 0;
			files = (
			);
			runOnlyForDeploymentPostprocessing = 1;
		};
		D125B28122C1521A0074EEF3 /* CopyFiles */ = {
			isa = PBXCopyFilesBuildPhase;
			buildActionMask = 2147483647;
			dstPath = /usr/share/man/man1/;
			dstSubfolderSpec = 0;
			files = (
			);
			runOnlyForDeploymentPostprocessing = 1;
		};
		D125B28F22C152460074EEF3 /* CopyFiles */ = {
			isa = PBXCopyFilesBuildPhase;
			buildActionMask = 2147483647;
			dstPath = /usr/share/man/man1/;
			dstSubfolderSpec = 0;
			files = (
			);
			runOnlyForDeploymentPostprocessing = 1;
		};
		D13970E222C30ABA004D7F79 /* CopyFiles */ = {
			isa = PBXCopyFilesBuildPhase;
			buildActionMask = 2147483647;
			dstPath = /usr/share/man/man1/;
			dstSubfolderSpec = 0;
			files = (
			);
			runOnlyForDeploymentPostprocessing = 1;
		};
		D160700C22CD11D100C74AD7 /* CopyFiles */ = {
			isa = PBXCopyFilesBuildPhase;
			buildActionMask = 2147483647;
			dstPath = /usr/share/man/man1/;
			dstSubfolderSpec = 0;
			files = (
			);
			runOnlyForDeploymentPostprocessing = 1;
		};
		D181B4EE22C1B8F700049A40 /* CopyFiles */ = {
			isa = PBXCopyFilesBuildPhase;
			buildActionMask = 2147483647;
			dstPath = /usr/share/man/man1/;
			dstSubfolderSpec = 0;
			files = (
			);
			runOnlyForDeploymentPostprocessing = 1;
		};
		D1A6693522D7FF0200170565 /* CopyFiles */ = {
			isa = PBXCopyFilesBuildPhase;
			buildActionMask = 2147483647;
			dstPath = /usr/share/man/man1/;
			dstSubfolderSpec = 0;
			files = (
			);
			runOnlyForDeploymentPostprocessing = 1;
		};
		D1AD8E9922FA943C00BA4CAC /* CopyFiles */ = {
			isa = PBXCopyFilesBuildPhase;
			buildActionMask = 2147483647;
			dstPath = /usr/share/man/man1/;
			dstSubfolderSpec = 0;
			files = (
			);
			runOnlyForDeploymentPostprocessing = 1;
		};
		D1AF795D22CC3C4100CCF9B3 /* CopyFiles */ = {
			isa = PBXCopyFilesBuildPhase;
			buildActionMask = 2147483647;
			dstPath = /usr/share/man/man1/;
			dstSubfolderSpec = 0;
			files = (
			);
			runOnlyForDeploymentPostprocessing = 1;
		};
		D1B82A6E22D3A079003668FF /* CopyFiles */ = {
			isa = PBXCopyFilesBuildPhase;
			buildActionMask = 2147483647;
			dstPath = /usr/share/man/man1/;
			dstSubfolderSpec = 0;
			files = (
			);
			runOnlyForDeploymentPostprocessing = 1;
		};
		D1BFF97C22DD0837003046D4 /* CopyFiles */ = {
			isa = PBXCopyFilesBuildPhase;
			buildActionMask = 2147483647;
			dstPath = /usr/share/man/man1/;
			dstSubfolderSpec = 0;
			files = (
			);
			runOnlyForDeploymentPostprocessing = 1;
		};
/* End PBXCopyFilesBuildPhase section */

/* Begin PBXFileReference section */
		D11BE29222E1637600811540 /* final */ = {isa = PBXFileReference; explicitFileType = "compiled.mach-o.executable"; includeInIndex = 0; path = final; sourceTree = BUILT_PRODUCTS_DIR; };
		D11BE29422E1637600811540 /* main.cpp */ = {isa = PBXFileReference; lastKnownFileType = sourcecode.cpp.cpp; path = main.cpp; sourceTree = "<group>"; };
		D125B28322C1521A0074EEF3 /* cs38 */ = {isa = PBXFileReference; explicitFileType = "compiled.mach-o.executable"; includeInIndex = 0; path = cs38; sourceTree = BUILT_PRODUCTS_DIR; };
		D125B28622C1521B0074EEF3 /* main.cpp */ = {isa = PBXFileReference; lastKnownFileType = sourcecode.cpp.cpp; path = main.cpp; sourceTree = "<group>"; };
		D125B29122C152460074EEF3 /* pset1 */ = {isa = PBXFileReference; explicitFileType = "compiled.mach-o.executable"; includeInIndex = 0; path = pset1; sourceTree = BUILT_PRODUCTS_DIR; };
		D125B29322C152460074EEF3 /* main.cpp */ = {isa = PBXFileReference; lastKnownFileType = sourcecode.cpp.cpp; path = main.cpp; sourceTree = "<group>"; };
		D13970E422C30ABA004D7F79 /* pset0 */ = {isa = PBXFileReference; explicitFileType = "compiled.mach-o.executable"; includeInIndex = 0; path = pset0; sourceTree = BUILT_PRODUCTS_DIR; };
		D13970EB22C30AEE004D7F79 /* hw0-noarray.c */ = {isa = PBXFileReference; fileEncoding = 4; lastKnownFileType = sourcecode.c.c; path = "hw0-noarray.c"; sourceTree = SOURCE_ROOT; };
		D13970EC22C30AEE004D7F79 /* hw0-array.c */ = {isa = PBXFileReference; fileEncoding = 4; lastKnownFileType = sourcecode.c.c; path = "hw0-array.c"; sourceTree = SOURCE_ROOT; };
		D160700E22CD11D100C74AD7 /* gameset2 */ = {isa = PBXFileReference; explicitFileType = "compiled.mach-o.executable"; includeInIndex = 0; path = gameset2; sourceTree = BUILT_PRODUCTS_DIR; };
		D160701022CD11D100C74AD7 /* main.cpp */ = {isa = PBXFileReference; lastKnownFileType = sourcecode.cpp.cpp; path = main.cpp; sourceTree = "<group>"; };
		D181B4F022C1B8F700049A40 /* gameset1 */ = {isa = PBXFileReference; explicitFileType = "compiled.mach-o.executable"; includeInIndex = 0; path = gameset1; sourceTree = BUILT_PRODUCTS_DIR; };
		D181B4F222C1B8F700049A40 /* main.cpp */ = {isa = PBXFileReference; lastKnownFileType = sourcecode.cpp.cpp; path = main.cpp; sourceTree = "<group>"; };
		D1A6692822D79E7700170565 /* cards.cpp */ = {isa = PBXFileReference; lastKnownFileType = sourcecode.cpp.cpp; path = cards.cpp; sourceTree = "<group>"; };
		D1A6692E22D7B5B400170565 /* palindrome.hpp */ = {isa = PBXFileReference; lastKnownFileType = sourcecode.cpp.h; path = palindrome.hpp; sourceTree = "<group>"; };
		D1A6692F22D7B63F00170565 /* cards.hpp */ = {isa = PBXFileReference; lastKnownFileType = sourcecode.cpp.h; path = cards.hpp; sourceTree = "<group>"; };
		D1A6693022D7DD2800170565 /* hotdog.cpp */ = {isa = PBXFileReference; lastKnownFileType = sourcecode.cpp.cpp; path = hotdog.cpp; sourceTree = "<group>"; };
		D1A6693122D7DD2800170565 /* hotdog.hpp */ = {isa = PBXFileReference; lastKnownFileType = sourcecode.cpp.h; path = hotdog.hpp; sourceTree = "<group>"; };
		D1A6693722D7FF0200170565 /* gameset3 */ = {isa = PBXFileReference; explicitFileType = "compiled.mach-o.executable"; includeInIndex = 0; path = gameset3; sourceTree = BUILT_PRODUCTS_DIR; };
		D1A6693922D7FF0200170565 /* main.cpp */ = {isa = PBXFileReference; lastKnownFileType = sourcecode.cpp.cpp; path = main.cpp; sourceTree = "<group>"; };
		D1A6693E22D7FF9B00170565 /* mastermind.cpp */ = {isa = PBXFileReference; lastKnownFileType = sourcecode.cpp.cpp; path = mastermind.cpp; sourceTree = "<group>"; };
		D1A6693F22D7FF9B00170565 /* mastermind.hpp */ = {isa = PBXFileReference; lastKnownFileType = sourcecode.cpp.h; path = mastermind.hpp; sourceTree = "<group>"; };
		D1AD8E9B22FA943C00BA4CAC /* ecredit */ = {isa = PBXFileReference; explicitFileType = "compiled.mach-o.executable"; includeInIndex = 0; path = ecredit; sourceTree = BUILT_PRODUCTS_DIR; };
		D1AD8E9D22FA943C00BA4CAC /* main.cpp */ = {isa = PBXFileReference; lastKnownFileType = sourcecode.cpp.cpp; path = main.cpp; sourceTree = "<group>"; };
		D1AF795F22CC3C4100CCF9B3 /* pset2 */ = {isa = PBXFileReference; explicitFileType = "compiled.mach-o.executable"; includeInIndex = 0; path = pset2; sourceTree = BUILT_PRODUCTS_DIR; };
		D1AF796122CC3C4100CCF9B3 /* main.cpp */ = {isa = PBXFileReference; lastKnownFileType = sourcecode.cpp.cpp; path = main.cpp; sourceTree = "<group>"; };
		D1B82A7022D3A079003668FF /* pset3 */ = {isa = PBXFileReference; explicitFileType = "compiled.mach-o.executable"; includeInIndex = 0; path = pset3; sourceTree = BUILT_PRODUCTS_DIR; };
		D1B82A7222D3A079003668FF /* main.cpp */ = {isa = PBXFileReference; lastKnownFileType = sourcecode.cpp.cpp; path = main.cpp; sourceTree = "<group>"; };
		D1B82A7722D3A46C003668FF /* palindrome.cpp */ = {isa = PBXFileReference; lastKnownFileType = sourcecode.cpp.cpp; path = palindrome.cpp; sourceTree = "<group>"; };
		D1BFF97E22DD0837003046D4 /* pset4 */ = {isa = PBXFileReference; explicitFileType = "compiled.mach-o.executable"; includeInIndex = 0; path = pset4; sourceTree = BUILT_PRODUCTS_DIR; };
		D1BFF98022DD0837003046D4 /* main.cpp */ = {isa = PBXFileReference; lastKnownFileType = sourcecode.cpp.cpp; path = main.cpp; sourceTree = "<group>"; };
/* End PBXFileReference section */

/* Begin PBXFrameworksBuildPhase section */
		D11BE28F22E1637600811540 /* Frameworks */ = {
			isa = PBXFrameworksBuildPhase;
			buildActionMask = 2147483647;
			files = (
			);
			runOnlyForDeploymentPostprocessing = 0;
		};
		D125B28022C1521A0074EEF3 /* Frameworks */ = {
			isa = PBXFrameworksBuildPhase;
			buildActionMask = 2147483647;
			files = (
			);
			runOnlyForDeploymentPostprocessing = 0;
		};
		D125B28E22C152460074EEF3 /* Frameworks */ = {
			isa = PBXFrameworksBuildPhase;
			buildActionMask = 2147483647;
			files = (
			);
			runOnlyForDeploymentPostprocessing = 0;
		};
		D13970E122C30ABA004D7F79 /* Frameworks */ = {
			isa = PBXFrameworksBuildPhase;
			buildActionMask = 2147483647;
			files = (
			);
			runOnlyForDeploymentPostprocessing = 0;
		};
		D160700B22CD11D100C74AD7 /* Frameworks */ = {
			isa = PBXFrameworksBuildPhase;
			buildActionMask = 2147483647;
			files = (
			);
			runOnlyForDeploymentPostprocessing = 0;
		};
		D181B4ED22C1B8F700049A40 /* Frameworks */ = {
			isa = PBXFrameworksBuildPhase;
			buildActionMask = 2147483647;
			files = (
			);
			runOnlyForDeploymentPostprocessing = 0;
		};
		D1A6693422D7FF0200170565 /* Frameworks */ = {
			isa = PBXFrameworksBuildPhase;
			buildActionMask = 2147483647;
			files = (
			);
			runOnlyForDeploymentPostprocessing = 0;
		};
		D1AD8E9822FA943C00BA4CAC /* Frameworks */ = {
			isa = PBXFrameworksBuildPhase;
			buildActionMask = 2147483647;
			files = (
			);
			runOnlyForDeploymentPostprocessing = 0;
		};
		D1AF795C22CC3C4100CCF9B3 /* Frameworks */ = {
			isa = PBXFrameworksBuildPhase;
			buildActionMask = 2147483647;
			files = (
			);
			runOnlyForDeploymentPostprocessing = 0;
		};
		D1B82A6D22D3A079003668FF /* Frameworks */ = {
			isa = PBXFrameworksBuildPhase;
			buildActionMask = 2147483647;
			files = (
			);
			runOnlyForDeploymentPostprocessing = 0;
		};
		D1BFF97B22DD0837003046D4 /* Frameworks */ = {
			isa = PBXFrameworksBuildPhase;
			buildActionMask = 2147483647;
			files = (
			);
			runOnlyForDeploymentPostprocessing = 0;
		};
/* End PBXFrameworksBuildPhase section */

/* Begin PBXGroup section */
		D11BE29322E1637600811540 /* final */ = {
			isa = PBXGroup;
			children = (
				D11BE29422E1637600811540 /* main.cpp */,
			);
			path = final;
			sourceTree = "<group>";
		};
		D125B27A22C1521A0074EEF3 = {
			isa = PBXGroup;
			children = (
				D125B28522C1521A0074EEF3 /* cs38 */,
				D13970E522C30ABA004D7F79 /* pset0 */,
				D125B29222C152460074EEF3 /* pset1 */,
				D181B4F122C1B8F700049A40 /* gameset1 */,
				D1AF796022CC3C4100CCF9B3 /* pset2 */,
				D160700F22CD11D100C74AD7 /* gameset2 */,
				D1B82A7122D3A079003668FF /* pset3 */,
				D1A6693822D7FF0200170565 /* gameset3 */,
				D1BFF97F22DD0837003046D4 /* pset4 */,
				D11BE29322E1637600811540 /* final */,
				D1AD8E9C22FA943C00BA4CAC /* ecredit */,
				D125B28422C1521A0074EEF3 /* Products */,
			);
			sourceTree = "<group>";
		};
		D125B28422C1521A0074EEF3 /* Products */ = {
			isa = PBXGroup;
			children = (
				D125B28322C1521A0074EEF3 /* cs38 */,
				D125B29122C152460074EEF3 /* pset1 */,
				D181B4F022C1B8F700049A40 /* gameset1 */,
				D13970E422C30ABA004D7F79 /* pset0 */,
				D1AF795F22CC3C4100CCF9B3 /* pset2 */,
				D160700E22CD11D100C74AD7 /* gameset2 */,
				D1B82A7022D3A079003668FF /* pset3 */,
				D1A6693722D7FF0200170565 /* gameset3 */,
				D1BFF97E22DD0837003046D4 /* pset4 */,
				D11BE29222E1637600811540 /* final */,
				D1AD8E9B22FA943C00BA4CAC /* ecredit */,
			);
			name = Products;
			sourceTree = "<group>";
		};
		D125B28522C1521A0074EEF3 /* cs38 */ = {
			isa = PBXGroup;
			children = (
				D125B28622C1521B0074EEF3 /* main.cpp */,
			);
			path = cs38;
			sourceTree = "<group>";
		};
		D125B29222C152460074EEF3 /* pset1 */ = {
			isa = PBXGroup;
			children = (
				D125B29322C152460074EEF3 /* main.cpp */,
			);
			path = pset1;
			sourceTree = "<group>";
		};
		D13970E522C30ABA004D7F79 /* pset0 */ = {
			isa = PBXGroup;
			children = (
				D13970EC22C30AEE004D7F79 /* hw0-array.c */,
				D13970EB22C30AEE004D7F79 /* hw0-noarray.c */,
			);
			path = pset0;
			sourceTree = "<group>";
		};
		D160700F22CD11D100C74AD7 /* gameset2 */ = {
			isa = PBXGroup;
			children = (
				D160701022CD11D100C74AD7 /* main.cpp */,
			);
			path = gameset2;
			sourceTree = "<group>";
		};
		D181B4F122C1B8F700049A40 /* gameset1 */ = {
			isa = PBXGroup;
			children = (
				D181B4F222C1B8F700049A40 /* main.cpp */,
			);
			path = gameset1;
			sourceTree = "<group>";
		};
		D1A6693822D7FF0200170565 /* gameset3 */ = {
			isa = PBXGroup;
			children = (
				D1A6693922D7FF0200170565 /* main.cpp */,
				D1A6693E22D7FF9B00170565 /* mastermind.cpp */,
				D1A6693F22D7FF9B00170565 /* mastermind.hpp */,
			);
			path = gameset3;
			sourceTree = "<group>";
		};
		D1AD8E9C22FA943C00BA4CAC /* ecredit */ = {
			isa = PBXGroup;
			children = (
				D1AD8E9D22FA943C00BA4CAC /* main.cpp */,
			);
			path = ecredit;
			sourceTree = "<group>";
		};
		D1AF796022CC3C4100CCF9B3 /* pset2 */ = {
			isa = PBXGroup;
			children = (
				D1AF796122CC3C4100CCF9B3 /* main.cpp */,
			);
			path = pset2;
			sourceTree = "<group>";
		};
		D1B82A7122D3A079003668FF /* pset3 */ = {
			isa = PBXGroup;
			children = (
				D1B82A7222D3A079003668FF /* main.cpp */,
				D1A6693022D7DD2800170565 /* hotdog.cpp */,
				D1A6693122D7DD2800170565 /* hotdog.hpp */,
				D1A6692822D79E7700170565 /* cards.cpp */,
				D1A6692F22D7B63F00170565 /* cards.hpp */,
				D1B82A7722D3A46C003668FF /* palindrome.cpp */,
				D1A6692E22D7B5B400170565 /* palindrome.hpp */,
			);
			path = pset3;
			sourceTree = "<group>";
		};
		D1BFF97F22DD0837003046D4 /* pset4 */ = {
			isa = PBXGroup;
			children = (
				D1BFF98022DD0837003046D4 /* main.cpp */,
			);
			path = pset4;
			sourceTree = "<group>";
		};
/* End PBXGroup section */

/* Begin PBXNativeTarget section */
		D11BE29122E1637600811540 /* final */ = {
			isa = PBXNativeTarget;
			buildConfigurationList = D11BE29622E1637600811540 /* Build configuration list for PBXNativeTarget "final" */;
			buildPhases = (
				D11BE28E22E1637600811540 /* Sources */,
				D11BE28F22E1637600811540 /* Frameworks */,
				D11BE29022E1637600811540 /* CopyFiles */,
			);
			buildRules = (
			);
			dependencies = (
			);
			name = final;
			productName = final;
			productReference = D11BE29222E1637600811540 /* final */;
			productType = "com.apple.product-type.tool";
		};
		D125B28222C1521A0074EEF3 /* cs38 */ = {
			isa = PBXNativeTarget;
			buildConfigurationList = D125B28A22C1521B0074EEF3 /* Build configuration list for PBXNativeTarget "cs38" */;
			buildPhases = (
				D125B27F22C1521A0074EEF3 /* Sources */,
				D125B28022C1521A0074EEF3 /* Frameworks */,
				D125B28122C1521A0074EEF3 /* CopyFiles */,
			);
			buildRules = (
			);
			dependencies = (
			);
			name = cs38;
			productName = cs38;
			productReference = D125B28322C1521A0074EEF3 /* cs38 */;
			productType = "com.apple.product-type.tool";
		};
		D125B29022C152460074EEF3 /* pset1 */ = {
			isa = PBXNativeTarget;
			buildConfigurationList = D125B29522C152460074EEF3 /* Build configuration list for PBXNativeTarget "pset1" */;
			buildPhases = (
				D125B28D22C152460074EEF3 /* Sources */,
				D125B28E22C152460074EEF3 /* Frameworks */,
				D125B28F22C152460074EEF3 /* CopyFiles */,
			);
			buildRules = (
			);
			dependencies = (
			);
			name = pset1;
			productName = pset1;
			productReference = D125B29122C152460074EEF3 /* pset1 */;
			productType = "com.apple.product-type.tool";
		};
		D13970E322C30ABA004D7F79 /* pset0 */ = {
			isa = PBXNativeTarget;
			buildConfigurationList = D13970EA22C30ABA004D7F79 /* Build configuration list for PBXNativeTarget "pset0" */;
			buildPhases = (
				D13970E022C30ABA004D7F79 /* Sources */,
				D13970E122C30ABA004D7F79 /* Frameworks */,
				D13970E222C30ABA004D7F79 /* CopyFiles */,
			);
			buildRules = (
			);
			dependencies = (
			);
			name = pset0;
			productName = pset0;
			productReference = D13970E422C30ABA004D7F79 /* pset0 */;
			productType = "com.apple.product-type.tool";
		};
		D160700D22CD11D100C74AD7 /* gameset2 */ = {
			isa = PBXNativeTarget;
			buildConfigurationList = D160701422CD11D100C74AD7 /* Build configuration list for PBXNativeTarget "gameset2" */;
			buildPhases = (
				D160700A22CD11D100C74AD7 /* Sources */,
				D160700B22CD11D100C74AD7 /* Frameworks */,
				D160700C22CD11D100C74AD7 /* CopyFiles */,
			);
			buildRules = (
			);
			dependencies = (
			);
			name = gameset2;
			productName = gameset2;
			productReference = D160700E22CD11D100C74AD7 /* gameset2 */;
			productType = "com.apple.product-type.tool";
		};
		D181B4EF22C1B8F700049A40 /* gameset1 */ = {
			isa = PBXNativeTarget;
			buildConfigurationList = D181B4F622C1B8F700049A40 /* Build configuration list for PBXNativeTarget "gameset1" */;
			buildPhases = (
				D181B4EC22C1B8F700049A40 /* Sources */,
				D181B4ED22C1B8F700049A40 /* Frameworks */,
				D181B4EE22C1B8F700049A40 /* CopyFiles */,
			);
			buildRules = (
			);
			dependencies = (
			);
			name = gameset1;
			productName = gameset1;
			productReference = D181B4F022C1B8F700049A40 /* gameset1 */;
			productType = "com.apple.product-type.tool";
		};
		D1A6693622D7FF0200170565 /* gameset3 */ = {
			isa = PBXNativeTarget;
			buildConfigurationList = D1A6693B22D7FF0200170565 /* Build configuration list for PBXNativeTarget "gameset3" */;
			buildPhases = (
				D1A6693322D7FF0200170565 /* Sources */,
				D1A6693422D7FF0200170565 /* Frameworks */,
				D1A6693522D7FF0200170565 /* CopyFiles */,
			);
			buildRules = (
			);
			dependencies = (
			);
			name = gameset3;
			productName = gameset3;
			productReference = D1A6693722D7FF0200170565 /* gameset3 */;
			productType = "com.apple.product-type.tool";
		};
		D1AD8E9A22FA943C00BA4CAC /* ecredit */ = {
			isa = PBXNativeTarget;
			buildConfigurationList = D1AD8EA122FA943C00BA4CAC /* Build configuration list for PBXNativeTarget "ecredit" */;
			buildPhases = (
				D1AD8E9722FA943C00BA4CAC /* Sources */,
				D1AD8E9822FA943C00BA4CAC /* Frameworks */,
				D1AD8E9922FA943C00BA4CAC /* CopyFiles */,
			);
			buildRules = (
			);
			dependencies = (
			);
			name = ecredit;
			productName = ecredit;
			productReference = D1AD8E9B22FA943C00BA4CAC /* ecredit */;
			productType = "com.apple.product-type.tool";
		};
		D1AF795E22CC3C4100CCF9B3 /* pset2 */ = {
			isa = PBXNativeTarget;
			buildConfigurationList = D1AF796522CC3C4100CCF9B3 /* Build configuration list for PBXNativeTarget "pset2" */;
			buildPhases = (
				D1AF795B22CC3C4100CCF9B3 /* Sources */,
				D1AF795C22CC3C4100CCF9B3 /* Frameworks */,
				D1AF795D22CC3C4100CCF9B3 /* CopyFiles */,
			);
			buildRules = (
			);
			dependencies = (
			);
			name = pset2;
			productName = pset2;
			productReference = D1AF795F22CC3C4100CCF9B3 /* pset2 */;
			productType = "com.apple.product-type.tool";
		};
		D1B82A6F22D3A079003668FF /* pset3 */ = {
			isa = PBXNativeTarget;
			buildConfigurationList = D1B82A7422D3A079003668FF /* Build configuration list for PBXNativeTarget "pset3" */;
			buildPhases = (
				D1B82A6C22D3A079003668FF /* Sources */,
				D1B82A6D22D3A079003668FF /* Frameworks */,
				D1B82A6E22D3A079003668FF /* CopyFiles */,
			);
			buildRules = (
			);
			dependencies = (
			);
			name = pset3;
			productName = pset3;
			productReference = D1B82A7022D3A079003668FF /* pset3 */;
			productType = "com.apple.product-type.tool";
		};
		D1BFF97D22DD0837003046D4 /* pset4 */ = {
			isa = PBXNativeTarget;
			buildConfigurationList = D1BFF98422DD0837003046D4 /* Build configuration list for PBXNativeTarget "pset4" */;
			buildPhases = (
				D1BFF97A22DD0837003046D4 /* Sources */,
				D1BFF97B22DD0837003046D4 /* Frameworks */,
				D1BFF97C22DD0837003046D4 /* CopyFiles */,
			);
			buildRules = (
			);
			dependencies = (
			);
			name = pset4;
			productName = pset4;
			productReference = D1BFF97E22DD0837003046D4 /* pset4 */;
			productType = "com.apple.product-type.tool";
		};
/* End PBXNativeTarget section */

/* Begin PBXProject section */
		D125B27B22C1521A0074EEF3 /* Project object */ = {
			isa = PBXProject;
			attributes = {
				LastUpgradeCheck = 1010;
				ORGANIZATIONNAME = "Will Hoback";
				TargetAttributes = {
					D11BE29122E1637600811540 = {
						CreatedOnToolsVersion = 10.2.1;
					};
					D125B28222C1521A0074EEF3 = {
						CreatedOnToolsVersion = 10.1;
					};
					D125B29022C152460074EEF3 = {
						CreatedOnToolsVersion = 10.1;
					};
					D13970E322C30ABA004D7F79 = {
						CreatedOnToolsVersion = 10.2.1;
					};
					D160700D22CD11D100C74AD7 = {
						CreatedOnToolsVersion = 10.2.1;
					};
					D181B4EF22C1B8F700049A40 = {
						CreatedOnToolsVersion = 10.1;
					};
					D1A6693622D7FF0200170565 = {
						CreatedOnToolsVersion = 10.2.1;
					};
					D1AD8E9A22FA943C00BA4CAC = {
						CreatedOnToolsVersion = 10.3;
					};
					D1AF795E22CC3C4100CCF9B3 = {
						CreatedOnToolsVersion = 10.2.1;
					};
					D1B82A6F22D3A079003668FF = {
						CreatedOnToolsVersion = 10.2.1;
					};
					D1BFF97D22DD0837003046D4 = {
						CreatedOnToolsVersion = 10.2.1;
					};
				};
			};
			buildConfigurationList = D125B27E22C1521A0074EEF3 /* Build configuration list for PBXProject "cs38" */;
			compatibilityVersion = "Xcode 9.3";
			developmentRegion = en;
			hasScannedForEncodings = 0;
			knownRegions = (
				en,
				Base,
			);
			mainGroup = D125B27A22C1521A0074EEF3;
			productRefGroup = D125B28422C1521A0074EEF3 /* Products */;
			projectDirPath = "";
			projectRoot = "";
			targets = (
				D125B28222C1521A0074EEF3 /* cs38 */,
				D125B29022C152460074EEF3 /* pset1 */,
				D181B4EF22C1B8F700049A40 /* gameset1 */,
				D13970E322C30ABA004D7F79 /* pset0 */,
				D1AF795E22CC3C4100CCF9B3 /* pset2 */,
				D160700D22CD11D100C74AD7 /* gameset2 */,
				D1B82A6F22D3A079003668FF /* pset3 */,
				D1A6693622D7FF0200170565 /* gameset3 */,
				D1BFF97D22DD0837003046D4 /* pset4 */,
				D11BE29122E1637600811540 /* final */,
				D1AD8E9A22FA943C00BA4CAC /* ecredit */,
			);
		};
/* End PBXProject section */

/* Begin PBXSourcesBuildPhase section */
		D11BE28E22E1637600811540 /* Sources */ = {
			isa = PBXSourcesBuildPhase;
			buildActionMask = 2147483647;
			files = (
				D11BE29522E1637600811540 /* main.cpp in Sources */,
			);
			runOnlyForDeploymentPostprocessing = 0;
		};
		D125B27F22C1521A0074EEF3 /* Sources */ = {
			isa = PBXSourcesBuildPhase;
			buildActionMask = 2147483647;
			files = (
				D125B28722C1521B0074EEF3 /* main.cpp in Sources */,
			);
			runOnlyForDeploymentPostprocessing = 0;
		};
		D125B28D22C152460074EEF3 /* Sources */ = {
			isa = PBXSourcesBuildPhase;
			buildActionMask = 2147483647;
			files = (
				D125B29422C152460074EEF3 /* main.cpp in Sources */,
			);
			runOnlyForDeploymentPostprocessing = 0;
		};
		D13970E022C30ABA004D7F79 /* Sources */ = {
			isa = PBXSourcesBuildPhase;
			buildActionMask = 2147483647;
			files = (
				D13970EF22C31959004D7F79 /* hw0-noarray.c in Sources */,
			);
			runOnlyForDeploymentPostprocessing = 0;
		};
		D160700A22CD11D100C74AD7 /* Sources */ = {
			isa = PBXSourcesBuildPhase;
			buildActionMask = 2147483647;
			files = (
				D160701122CD11D100C74AD7 /* main.cpp in Sources */,
			);
			runOnlyForDeploymentPostprocessing = 0;
		};
		D181B4EC22C1B8F700049A40 /* Sources */ = {
			isa = PBXSourcesBuildPhase;
			buildActionMask = 2147483647;
			files = (
				D181B4F322C1B8F700049A40 /* main.cpp in Sources */,
			);
			runOnlyForDeploymentPostprocessing = 0;
		};
		D1A6693322D7FF0200170565 /* Sources */ = {
			isa = PBXSourcesBuildPhase;
			buildActionMask = 2147483647;
			files = (
				D1A6693A22D7FF0200170565 /* main.cpp in Sources */,
				D1A6694022D7FF9B00170565 /* mastermind.cpp in Sources */,
			);
			runOnlyForDeploymentPostprocessing = 0;
		};
		D1AD8E9722FA943C00BA4CAC /* Sources */ = {
			isa = PBXSourcesBuildPhase;
			buildActionMask = 2147483647;
			files = (
				D1AD8E9E22FA943C00BA4CAC /* main.cpp in Sources */,
			);
			runOnlyForDeploymentPostprocessing = 0;
		};
		D1AF795B22CC3C4100CCF9B3 /* Sources */ = {
			isa = PBXSourcesBuildPhase;
			buildActionMask = 2147483647;
			files = (
				D1AF796222CC3C4100CCF9B3 /* main.cpp in Sources */,
			);
			runOnlyForDeploymentPostprocessing = 0;
		};
		D1B82A6C22D3A079003668FF /* Sources */ = {
			isa = PBXSourcesBuildPhase;
			buildActionMask = 2147483647;
			files = (
				D1A6693222D7DD2800170565 /* hotdog.cpp in Sources */,
				D1B82A7822D3A46C003668FF /* palindrome.cpp in Sources */,
				D1A6692A22D79E7700170565 /* cards.cpp in Sources */,
				D1B82A7322D3A079003668FF /* main.cpp in Sources */,
			);
			runOnlyForDeploymentPostprocessing = 0;
		};
		D1BFF97A22DD0837003046D4 /* Sources */ = {
			isa = PBXSourcesBuildPhase;
			buildActionMask = 2147483647;
			files = (
				D1BFF98122DD0837003046D4 /* main.cpp in Sources */,
			);
			runOnlyForDeploymentPostprocessing = 0;
		};
/* End PBXSourcesBuildPhase section */

/* Begin XCBuildConfiguration section */
		D11BE29722E1637600811540 /* Debug */ = {
			isa = XCBuildConfiguration;
			buildSettings = {
				CLANG_CXX_LANGUAGE_STANDARD = "gnu++14";
				CODE_SIGN_STYLE = Automatic;
				OTHER_LDFLAGS = "-lncurses";
				PRODUCT_NAME = "$(TARGET_NAME)";
			};
			name = Debug;
		};
		D11BE29822E1637600811540 /* Release */ = {
			isa = XCBuildConfiguration;
			buildSettings = {
				CLANG_CXX_LANGUAGE_STANDARD = "gnu++14";
				CODE_SIGN_STYLE = Automatic;
				OTHER_LDFLAGS = "-lncurses";
				PRODUCT_NAME = "$(TARGET_NAME)";
			};
			name = Release;
		};
		D125B28822C1521B0074EEF3 /* Debug */ = {
			isa = XCBuildConfiguration;
			buildSettings = {
				ALWAYS_SEARCH_USER_PATHS = NO;
				CLANG_ADDRESS_SANITIZER_CONTAINER_OVERFLOW = YES;
				CLANG_ANALYZER_NONNULL = YES;
				CLANG_ANALYZER_NUMBER_OBJECT_CONVERSION = YES_AGGRESSIVE;
				CLANG_CXX_LANGUAGE_STANDARD = "c++17";
				CLANG_CXX_LIBRARY = "libc++";
				CLANG_ENABLE_MODULES = YES;
				CLANG_ENABLE_OBJC_ARC = YES;
				CLANG_ENABLE_OBJC_WEAK = YES;
				CLANG_WARN_BLOCK_CAPTURE_AUTORELEASING = YES;
				CLANG_WARN_BOOL_CONVERSION = YES;
				CLANG_WARN_COMMA = YES;
				CLANG_WARN_CONSTANT_CONVERSION = YES;
				CLANG_WARN_DEPRECATED_OBJC_IMPLEMENTATIONS = YES;
				CLANG_WARN_DIRECT_OBJC_ISA_USAGE = YES_ERROR;
				CLANG_WARN_DOCUMENTATION_COMMENTS = YES;
				CLANG_WARN_EMPTY_BODY = YES;
				CLANG_WARN_ENUM_CONVERSION = YES;
				CLANG_WARN_INFINITE_RECURSION = YES;
				CLANG_WARN_INT_CONVERSION = YES;
				CLANG_WARN_NON_LITERAL_NULL_CONVERSION = YES;
				CLANG_WARN_OBJC_IMPLICIT_RETAIN_SELF = YES;
				CLANG_WARN_OBJC_LITERAL_CONVERSION = YES;
				CLANG_WARN_OBJC_ROOT_CLASS = YES_ERROR;
				CLANG_WARN_RANGE_LOOP_ANALYSIS = YES;
				CLANG_WARN_STRICT_PROTOTYPES = YES;
				CLANG_WARN_SUSPICIOUS_MOVE = YES;
				CLANG_WARN_UNGUARDED_AVAILABILITY = YES_AGGRESSIVE;
				CLANG_WARN_UNREACHABLE_CODE = YES;
				CLANG_WARN__DUPLICATE_METHOD_MATCH = YES;
				CODE_SIGN_IDENTITY = "-";
				COPY_PHASE_STRIP = NO;
				DEBUG_INFORMATION_FORMAT = dwarf;
				ENABLE_STRICT_OBJC_MSGSEND = YES;
				ENABLE_TESTABILITY = YES;
				GCC_C_LANGUAGE_STANDARD = gnu11;
				GCC_DYNAMIC_NO_PIC = NO;
				GCC_NO_COMMON_BLOCKS = YES;
				GCC_OPTIMIZATION_LEVEL = 0;
				GCC_PREPROCESSOR_DEFINITIONS = (
					"DEBUG=1",
					"$(inherited)",
				);
				GCC_WARN_64_TO_32_BIT_CONVERSION = YES;
				GCC_WARN_ABOUT_RETURN_TYPE = YES_ERROR;
				GCC_WARN_PEDANTIC = YES;
				GCC_WARN_UNDECLARED_SELECTOR = YES;
				GCC_WARN_UNINITIALIZED_AUTOS = YES_AGGRESSIVE;
				GCC_WARN_UNUSED_FUNCTION = YES;
				GCC_WARN_UNUSED_VARIABLE = YES;
				MACOSX_DEPLOYMENT_TARGET = 10.14;
				MTL_ENABLE_DEBUG_INFO = INCLUDE_SOURCE;
				MTL_FAST_MATH = YES;
				NEW_SETTING = "";
				ONLY_ACTIVE_ARCH = YES;
				"OTHER_CPLUSPLUSFLAGS[arch=*]" = (
					"-Werror",
					"-pedantic",
				);
				SDKROOT = macosx;
			};
			name = Debug;
		};
		D125B28922C1521B0074EEF3 /* Release */ = {
			isa = XCBuildConfiguration;
			buildSettings = {
				ALWAYS_SEARCH_USER_PATHS = NO;
				CLANG_ADDRESS_SANITIZER_CONTAINER_OVERFLOW = YES;
				CLANG_ANALYZER_NONNULL = YES;
				CLANG_ANALYZER_NUMBER_OBJECT_CONVERSION = YES_AGGRESSIVE;
				CLANG_CXX_LANGUAGE_STANDARD = "c++17";
				CLANG_CXX_LIBRARY = "libc++";
				CLANG_ENABLE_MODULES = YES;
				CLANG_ENABLE_OBJC_ARC = YES;
				CLANG_ENABLE_OBJC_WEAK = YES;
				CLANG_WARN_BLOCK_CAPTURE_AUTORELEASING = YES;
				CLANG_WARN_BOOL_CONVERSION = YES;
				CLANG_WARN_COMMA = YES;
				CLANG_WARN_CONSTANT_CONVERSION = YES;
				CLANG_WARN_DEPRECATED_OBJC_IMPLEMENTATIONS = YES;
				CLANG_WARN_DIRECT_OBJC_ISA_USAGE = YES_ERROR;
				CLANG_WARN_DOCUMENTATION_COMMENTS = YES;
				CLANG_WARN_EMPTY_BODY = YES;
				CLANG_WARN_ENUM_CONVERSION = YES;
				CLANG_WARN_INFINITE_RECURSION = YES;
				CLANG_WARN_INT_CONVERSION = YES;
				CLANG_WARN_NON_LITERAL_NULL_CONVERSION = YES;
				CLANG_WARN_OBJC_IMPLICIT_RETAIN_SELF = YES;
				CLANG_WARN_OBJC_LITERAL_CONVERSION = YES;
				CLANG_WARN_OBJC_ROOT_CLASS = YES_ERROR;
				CLANG_WARN_RANGE_LOOP_ANALYSIS = YES;
				CLANG_WARN_STRICT_PROTOTYPES = YES;
				CLANG_WARN_SUSPICIOUS_MOVE = YES;
				CLANG_WARN_UNGUARDED_AVAILABILITY = YES_AGGRESSIVE;
				CLANG_WARN_UNREACHABLE_CODE = YES;
				CLANG_WARN__DUPLICATE_METHOD_MATCH = YES;
				CODE_SIGN_IDENTITY = "-";
				COPY_PHASE_STRIP = NO;
				DEBUG_INFORMATION_FORMAT = "dwarf-with-dsym";
				ENABLE_NS_ASSERTIONS = NO;
				ENABLE_STRICT_OBJC_MSGSEND = YES;
				GCC_C_LANGUAGE_STANDARD = gnu11;
				GCC_NO_COMMON_BLOCKS = YES;
				GCC_WARN_64_TO_32_BIT_CONVERSION = YES;
				GCC_WARN_ABOUT_RETURN_TYPE = YES_ERROR;
				GCC_WARN_PEDANTIC = YES;
				GCC_WARN_UNDECLARED_SELECTOR = YES;
				GCC_WARN_UNINITIALIZED_AUTOS = YES_AGGRESSIVE;
				GCC_WARN_UNUSED_FUNCTION = YES;
				GCC_WARN_UNUSED_VARIABLE = YES;
				MACOSX_DEPLOYMENT_TARGET = 10.14;
				MTL_ENABLE_DEBUG_INFO = NO;
				MTL_FAST_MATH = YES;
				NEW_SETTING = "";
				SDKROOT = macosx;
			};
			name = Release;
		};
		D125B28B22C1521B0074EEF3 /* Debug */ = {
			isa = XCBuildConfiguration;
			buildSettings = {
				CODE_SIGN_STYLE = Automatic;
				PRODUCT_NAME = "$(TARGET_NAME)";
			};
			name = Debug;
		};
		D125B28C22C1521B0074EEF3 /* Release */ = {
			isa = XCBuildConfiguration;
			buildSettings = {
				CODE_SIGN_STYLE = Automatic;
				PRODUCT_NAME = "$(TARGET_NAME)";
			};
			name = Release;
		};
		D125B29622C152460074EEF3 /* Debug */ = {
			isa = XCBuildConfiguration;
			buildSettings = {
				CODE_SIGN_STYLE = Automatic;
				PRODUCT_NAME = "$(TARGET_NAME)";
			};
			name = Debug;
		};
		D125B29722C152460074EEF3 /* Release */ = {
			isa = XCBuildConfiguration;
			buildSettings = {
				CODE_SIGN_STYLE = Automatic;
				PRODUCT_NAME = "$(TARGET_NAME)";
			};
			name = Release;
		};
		D13970E822C30ABA004D7F79 /* Debug */ = {
			isa = XCBuildConfiguration;
			buildSettings = {
				CODE_SIGN_STYLE = Automatic;
				GCC_VERSION = "";
				PRODUCT_NAME = "$(TARGET_NAME)";
			};
			name = Debug;
		};
		D13970E922C30ABA004D7F79 /* Release */ = {
			isa = XCBuildConfiguration;
			buildSettings = {
				CODE_SIGN_STYLE = Automatic;
				GCC_VERSION = "";
				PRODUCT_NAME = "$(TARGET_NAME)";
			};
			name = Release;
		};
		D160701222CD11D100C74AD7 /* Debug */ = {
			isa = XCBuildConfiguration;
			buildSettings = {
				CODE_SIGN_STYLE = Automatic;
				PRODUCT_NAME = "$(TARGET_NAME)";
			};
			name = Debug;
		};
		D160701322CD11D100C74AD7 /* Release */ = {
			isa = XCBuildConfiguration;
			buildSettings = {
				CODE_SIGN_STYLE = Automatic;
				PRODUCT_NAME = "$(TARGET_NAME)";
			};
			name = Release;
		};
		D181B4F422C1B8F700049A40 /* Debug */ = {
			isa = XCBuildConfiguration;
			buildSettings = {
				CODE_SIGN_STYLE = Automatic;
				PRODUCT_NAME = "$(TARGET_NAME)";
			};
			name = Debug;
		};
		D181B4F522C1B8F700049A40 /* Release */ = {
			isa = XCBuildConfiguration;
			buildSettings = {
				CODE_SIGN_STYLE = Automatic;
				PRODUCT_NAME = "$(TARGET_NAME)";
			};
			name = Release;
		};
		D1A6693C22D7FF0200170565 /* Debug */ = {
			isa = XCBuildConfiguration;
			buildSettings = {
				CLANG_CXX_LANGUAGE_STANDARD = "gnu++14";
				CODE_SIGN_STYLE = Automatic;
				PRODUCT_NAME = "$(TARGET_NAME)";
			};
			name = Debug;
		};
		D1A6693D22D7FF0200170565 /* Release */ = {
			isa = XCBuildConfiguration;
			buildSettings = {
				CLANG_CXX_LANGUAGE_STANDARD = "gnu++14";
				CODE_SIGN_STYLE = Automatic;
				PRODUCT_NAME = "$(TARGET_NAME)";
			};
			name = Release;
		};
		D1AD8E9F22FA943C00BA4CAC /* Debug */ = {
			isa = XCBuildConfiguration;
			buildSettings = {
				CLANG_CXX_LANGUAGE_STANDARD = "gnu++14";
				CODE_SIGN_STYLE = Automatic;
				PRODUCT_NAME = "$(TARGET_NAME)";
			};
			name = Debug;
		};
		D1AD8EA022FA943C00BA4CAC /* Release */ = {
			isa = XCBuildConfiguration;
			buildSettings = {
				CLANG_CXX_LANGUAGE_STANDARD = "gnu++14";
				CODE_SIGN_STYLE = Automatic;
				PRODUCT_NAME = "$(TARGET_NAME)";
			};
			name = Release;
		};
		D1AF796322CC3C4100CCF9B3 /* Debug */ = {
			isa = XCBuildConfiguration;
			buildSettings = {
				CODE_SIGN_STYLE = Automatic;
				PRODUCT_NAME = "$(TARGET_NAME)";
			};
			name = Debug;
		};
		D1AF796422CC3C4100CCF9B3 /* Release */ = {
			isa = XCBuildConfiguration;
			buildSettings = {
				CODE_SIGN_STYLE = Automatic;
				PRODUCT_NAME = "$(TARGET_NAME)";
			};
			name = Release;
		};
		D1B82A7522D3A079003668FF /* Debug */ = {
			isa = XCBuildConfiguration;
			buildSettings = {
				CLANG_CXX_LANGUAGE_STANDARD = "gnu++14";
				CODE_SIGN_STYLE = Automatic;
				PRODUCT_NAME = "$(TARGET_NAME)";
			};
			name = Debug;
		};
		D1B82A7622D3A079003668FF /* Release */ = {
			isa = XCBuildConfiguration;
			buildSettings = {
				CLANG_CXX_LANGUAGE_STANDARD = "gnu++14";
				CODE_SIGN_STYLE = Automatic;
				PRODUCT_NAME = "$(TARGET_NAME)";
			};
			name = Release;
		};
		D1BFF98222DD0837003046D4 /* Debug */ = {
			isa = XCBuildConfiguration;
			buildSettings = {
				CLANG_CXX_LANGUAGE_STANDARD = "gnu++14";
				CODE_SIGN_STYLE = Automatic;
				PRODUCT_NAME = "$(TARGET_NAME)";
			};
			name = Debug;
		};
		D1BFF98322DD0837003046D4 /* Release */ = {
			isa = XCBuildConfiguration;
			buildSettings = {
				CLANG_CXX_LANGUAGE_STANDARD = "gnu++14";
				CODE_SIGN_STYLE = Automatic;
				PRODUCT_NAME = "$(TARGET_NAME)";
			};
			name = Release;
		};
/* End XCBuildConfiguration section */

/* Begin XCConfigurationList section */
		D11BE29622E1637600811540 /* Build configuration list for PBXNativeTarget "final" */ = {
			isa = XCConfigurationList;
			buildConfigurations = (
				D11BE29722E1637600811540 /* Debug */,
				D11BE29822E1637600811540 /* Release */,
			);
			defaultConfigurationIsVisible = 0;
			defaultConfigurationName = Release;
		};
		D125B27E22C1521A0074EEF3 /* Build configuration list for PBXProject "cs38" */ = {
			isa = XCConfigurationList;
			buildConfigurations = (
				D125B28822C1521B0074EEF3 /* Debug */,
				D125B28922C1521B0074EEF3 /* Release */,
			);
			defaultConfigurationIsVisible = 0;
			defaultConfigurationName = Release;
		};
		D125B28A22C1521B0074EEF3 /* Build configuration list for PBXNativeTarget "cs38" */ = {
			isa = XCConfigurationList;
			buildConfigurations = (
				D125B28B22C1521B0074EEF3 /* Debug */,
				D125B28C22C1521B0074EEF3 /* Release */,
			);
			defaultConfigurationIsVisible = 0;
			defaultConfigurationName = Release;
		};
		D125B29522C152460074EEF3 /* Build configuration list for PBXNativeTarget "pset1" */ = {
			isa = XCConfigurationList;
			buildConfigurations = (
				D125B29622C152460074EEF3 /* Debug */,
				D125B29722C152460074EEF3 /* Release */,
			);
			defaultConfigurationIsVisible = 0;
			defaultConfigurationName = Release;
		};
		D13970EA22C30ABA004D7F79 /* Build configuration list for PBXNativeTarget "pset0" */ = {
			isa = XCConfigurationList;
			buildConfigurations = (
				D13970E822C30ABA004D7F79 /* Debug */,
				D13970E922C30ABA004D7F79 /* Release */,
			);
			defaultConfigurationIsVisible = 0;
			defaultConfigurationName = Release;
		};
		D160701422CD11D100C74AD7 /* Build configuration list for PBXNativeTarget "gameset2" */ = {
			isa = XCConfigurationList;
			buildConfigurations = (
				D160701222CD11D100C74AD7 /* Debug */,
				D160701322CD11D100C74AD7 /* Release */,
			);
			defaultConfigurationIsVisible = 0;
			defaultConfigurationName = Release;
		};
		D181B4F622C1B8F700049A40 /* Build configuration list for PBXNativeTarget "gameset1" */ = {
			isa = XCConfigurationList;
			buildConfigurations = (
				D181B4F422C1B8F700049A40 /* Debug */,
				D181B4F522C1B8F700049A40 /* Release */,
			);
			defaultConfigurationIsVisible = 0;
			defaultConfigurationName = Release;
		};
		D1A6693B22D7FF0200170565 /* Build configuration list for PBXNativeTarget "gameset3" */ = {
			isa = XCConfigurationList;
			buildConfigurations = (
				D1A6693C22D7FF0200170565 /* Debug */,
				D1A6693D22D7FF0200170565 /* Release */,
			);
			defaultConfigurationIsVisible = 0;
			defaultConfigurationName = Release;
		};
		D1AD8EA122FA943C00BA4CAC /* Build configuration list for PBXNativeTarget "ecredit" */ = {
			isa = XCConfigurationList;
			buildConfigurations = (
				D1AD8E9F22FA943C00BA4CAC /* Debug */,
				D1AD8EA022FA943C00BA4CAC /* Release */,
			);
			defaultConfigurationIsVisible = 0;
			defaultConfigurationName = Release;
		};
		D1AF796522CC3C4100CCF9B3 /* Build configuration list for PBXNativeTarget "pset2" */ = {
			isa = XCConfigurationList;
			buildConfigurations = (
				D1AF796322CC3C4100CCF9B3 /* Debug */,
				D1AF796422CC3C4100CCF9B3 /* Release */,
			);
			defaultConfigurationIsVisible = 0;
			defaultConfigurationName = Release;
		};
		D1B82A7422D3A079003668FF /* Build configuration list for PBXNativeTarget "pset3" */ = {
			isa = XCConfigurationList;
			buildConfigurations = (
				D1B82A7522D3A079003668FF /* Debug */,
				D1B82A7622D3A079003668FF /* Release */,
			);
			defaultConfigurationIsVisible = 0;
			defaultConfigurationName = Release;
		};
		D1BFF98422DD0837003046D4 /* Build configuration list for PBXNativeTarget "pset4" */ = {
			isa = XCConfigurationList;
			buildConfigurations = (
				D1BFF98222DD0837003046D4 /* Debug */,
				D1BFF98322DD0837003046D4 /* Release */,
			);
			defaultConfigurationIsVisible = 0;
			defaultConfigurationName = Release;
		};
/* End XCConfigurationList section */
	};
	rootObject = D125B27B22C1521A0074EEF3 /* Project object */;
}
